
Microsoft Visual Studio Solution File, Format Version 12.00
# Visual Studio Version 17
VisualStudioVersion = 17.4.33205.214
MinimumVisualStudioVersion = 10.0.40219.1
Project("{FAE04EC0-301F-11D3-BF4B-00C04F79EFBC}") = "Lb3", "Lb3\Lb3.csproj", "{78C744A0-30E3-4943-A640-8E690290F834}"
EndProject
Project("{FAE04EC0-301F-11D3-BF4B-00C04F79EFBC}") = "task 2", "task 2\task 2.csproj", "{2632AD55-8FC3-42A4-8180-0408B526AFEE}"
EndProject
Project("{FAE04EC0-301F-11D3-BF4B-00C04F79EFBC}") = "task 3", "task 3\task 3.csproj", "{EA5D66DB-C31D-4621-AA29-FB5AFB29C2E3}"
EndProject
Global
	GlobalSection(SolutionConfigurationPlatforms) = preSolution
		Debug|Any CPU = Debug|Any CPU
		Release|Any CPU = Release|Any CPU
	EndGlobalSection
	GlobalSection(ProjectConfigurationPlatforms) = postSolution
		{78C744A0-30E3-4943-A640-8E690290F834}.Debug|Any CPU.ActiveCfg = Debug|Any CPU
		{78C744A0-30E3-4943-A640-8E690290F834}.Debug|Any CPU.Build.0 = Debug|Any CPU
		{78C744A0-30E3-4943-A640-8E690290F834}.Release|Any CPU.ActiveCfg = Release|Any CPU
		{78C744A0-30E3-4943-A640-8E690290F834}.Release|Any CPU.Build.0 = Release|Any CPU
		{2632AD55-8FC3-42A4-8180-0408B526AFEE}.Debug|Any CPU.ActiveCfg = Debug|Any CPU
		{2632AD55-8FC3-42A4-8180-0408B526AFEE}.Debug|Any CPU.Build.0 = Debug|Any CPU
		{2632AD55-8FC3-42A4-8180-0408B526AFEE}.Release|Any CPU.ActiveCfg = Release|Any CPU
		{2632AD55-8FC3-42A4-8180-0408B526AFEE}.Release|Any CPU.Build.0 = Release|Any CPU
		{EA5D66DB-C31D-4621-AA29-FB5AFB29C2E3}.Debug|Any CPU.ActiveCfg = Debug|Any CPU
		{EA5D66DB-C31D-4621-AA29-FB5AFB29C2E3}.Debug|Any CPU.Build.0 = Debug|Any CPU
		{EA5D66DB-C31D-4621-AA29-FB5AFB29C2E3}.Release|Any CPU.ActiveCfg = Release|Any CPU
		{EA5D66DB-C31D-4621-AA29-FB5AFB29C2E3}.Release|Any CPU.Build.0 = Release|Any CPU
	EndGlobalSection
	GlobalSection(SolutionProperties) = preSolution
		HideSolutionNode = FALSE
	EndGlobalSection
	GlobalSection(ExtensibilityGlobals) = postSolution
		SolutionGuid = {5450CF33-1AF6-4B2E-8E3D-B11C16EE9DA9}
	EndGlobalSection
EndGlobal
